
Microsoft Visual Studio Solution File, Format Version 12.00
# Visual Studio Version 16
VisualStudioVersion = 16.0.30523.141
MinimumVisualStudioVersion = 10.0.40219.1
Project("{FAE04EC0-301F-11D3-BF4B-00C04F79EFBC}") = "DivisionGroups", "DivisionGroups\DivisionGroups.csproj", "{54ED02A4-892B-4602-B53F-7CB6F68631E7}"
EndProject
Global
	GlobalSection(SolutionConfigurationPlatforms) = preSolution
		Debug|Any CPU = Debug|Any CPU
		Release|Any CPU = Release|Any CPU
	EndGlobalSection
	GlobalSection(ProjectConfigurationPlatforms) = postSolution
		{54ED02A4-892B-4602-B53F-7CB6F68631E7}.Debug|Any CPU.ActiveCfg = Debug|Any CPU
		{54ED02A4-892B-4602-B53F-7CB6F68631E7}.Debug|Any CPU.Build.0 = Debug|Any CPU
		{54ED02A4-892B-4602-B53F-7CB6F68631E7}.Release|Any CPU.ActiveCfg = Release|Any CPU
		{54ED02A4-892B-4602-B53F-7CB6F68631E7}.Release|Any CPU.Build.0 = Release|Any CPU
	EndGlobalSection
	GlobalSection(SolutionProperties) = preSolution
		HideSolutionNode = FALSE
	EndGlobalSection
	GlobalSection(ExtensibilityGlobals) = postSolution
		SolutionGuid = {27331495-5BE1-4ECF-9714-D49156B99F1D}
	EndGlobalSection
EndGlobal
